schema_id: "role_decomposition_child_output_v1"
execution_unit_id: "child_phys_math"
perspective: "physicist_mathematician"
task_id: "RT-20260730-010"
status: "completed"
outer_agentjob_count: 1
child_agentjob_count: 0
subagent_count: 0
shared_claim_boundary: "CB-V21-P9-T03-WEAK-FIELD-OPERATIONAL-COUPLING-NONSELECTION-001"
independent_result:
  decisive_type: "precise_obstruction"
  construction: "exact finite operational-response coefficient family on one fixed weak closure response"
  theorem: "two admissible source-normalized coefficient records yield distinct leading clock signal and address-contrast outputs"
  case_outcome: "INCONCLUSIVE"
unique_contributions:
  - "constructed the exact three-address closure response h_epsilon"
  - "derived exact rational clock and signal response ratios"
  - "derived the exact signed-address contrast"
  - "exhibited two explicit admissible coefficient records with distinct leading outputs"
  - "identified the absent source selector Lambda_op as the failed object"
limitations:
  - "static finite response only"
  - "proposal-only operational coefficients"
  - "no physical units temporal dynamics or continuum limit"
  - "no target comparison or independent reproduction"
authority_limits:
  target_oracle_opened: false
  physical_weak_field_recovery_established: false
  benchmark_pass_established: false
  physics_promotion_authorized: false
  proof_authority: false
