schema_id: "role_decomposition_child_output_v1"
execution_unit_id: "child_phys_phil"
perspective: "physicist_philosopher"
task_id: "RT-20260730-010"
status: "completed"
outer_agentjob_count: 1
child_agentjob_count: 0
subagent_count: 0
shared_claim_boundary: "CB-V21-P9-T03-WEAK-FIELD-OPERATIONAL-COUPLING-NONSELECTION-001"
independent_result:
  decisive_type: "precise_obstruction"
  interpretation: "P7-T08 grants physical source-side operational semantics but expressly withholds target-spacetime clock signal and free-fall semantics"
  failed_bridge: "no source-derived law maps h to device response coefficients and no model-to-world map supplies physical units"
  case_outcome: "INCONCLUSIVE"
unique_contributions:
  - "separated adopted source physical semantics from target proper-time frequency distance and acceleration semantics"
  - "classified the exact finite ratios as formal analogy rather than redshift recovery"
  - "disclosed prior target-family knowledge and rejected a blindness claim"
  - "preserved conservative source-extension continuation without global no-go language"
limitations:
  - "no external empirical calibration"
  - "no independent reproduction"
  - "no physical observable codomain"
  - "no Gate E or promotion authority"
authority_limits:
  target_oracle_opened: false
  physical_redshift_established: false
  physical_free_fall_established: false
  benchmark_pass_established: false
  physics_promotion_authorized: false
  proof_authority: false
