schema_id: "v22_p1_t04_child_phys_math_review_v1"
task_id: "RT-20260809-004"
execution_unit_id: "child_phys_math"
perspective: "physicist_mathematician"
status: "completed"
external_review: false
review_provenance:
  class: "same_context_internal_ai_review_only"
  independent_replication: false
inputs_reviewed:
  - "V22 P1-T04 plan and backlog dependency graph"
  - "Gate B separating certificate with zero of eight criteria met"
  - "P1-T03 evidence-projection no-postulate theorem"
  - "V21 baseline P8/P9 archive"
findings:
  - finding_id: "MATH-001"
    disposition: "accept_with_scope"
    finding: "The downstream parking rule follows by predecessor closure on the registered acyclic graph when Gate B lacks a positive record."
  - finding_id: "MATH-002"
    disposition: "accept_with_scope"
    finding: "The five directly admissible classes are Gate-B-direct only when each task names a typed burden and scoped failure result."
  - finding_id: "MATH-003"
    disposition: "accept_with_scope"
    finding: "A finite token cannot satisfy the six-witness physical-type predicate by naming alone."
  - finding_id: "MATH-004"
    disposition: "accept_with_scope"
    finding: "Hash identity on 66 archive entries preserves historical status but cannot create a positive predecessor bit."
new_mathematical_payload:
  - payload_id: "V22-P1-T04-GATE-LOCK-DEPENDENCY-CLOSURE-V1"
    payload_type: "theorem_with_hypotheses_and_proof"
  - payload_id: "V22-P1-T04-FINITE-TOKEN-PHYSICAL-TYPING-LEMMA-V1"
    payload_type: "lemma"
  - payload_id: "V22-P1-T04-HISTORICAL-PROJECTION-NONPROMOTION-V1"
    payload_type: "theorem_with_hypotheses_and_proof"
limitations:
  - "The dependency theorem does not prove that Gate B is impossible to pass."
  - "The type lemma is contract-relative and permits later witness-bearing constructions."
  - "Archive preservation is not a new reproduction or scientific review."
authority_limits:
  theorem_truth_promoted: false
  gate_verdict_authorized: false
  scientific_status_changed: false
  distance_to_gr_changed: false
  external_review_completed: false
  physics_promotion_authorized: false
