schema_id: "v22_p1_t04_parent_conflict_review_v1"
task_id: "RT-20260809-004"
status: "resolved"
resolution_rounds: 1
blocking_conflict_count: 0
conflicts:
  - conflict_id: "CONFLICT-001"
    math_position: "A downstream-closure theorem can state all descendants are ineligible."
    process_position: "Control-only protocol definition must not be confused with physics execution."
    resolution: "The theorem governs physics eligibility; P6-T01 receives an explicit control-definition-only exception with execution false."
  - conflict_id: "CONFLICT-002"
    math_position: "Six common witnesses provide a compact physical-type predicate."
    process_position: "Each physical label also needs label-specific evidence."
    resolution: "The checklist requires all common and all label-specific witnesses."
  - conflict_id: "CONFLICT-003"
    math_position: "Representative P8/P9 hashes illustrate preservation."
    process_position: "Acceptance requires all historical outputs, not examples."
    resolution: "The validator selects the sixteen baseline task roots and verifies exactly 66 live path/hash pairs."
  - conflict_id: "CONFLICT-004"
    math_position: "P2-T01 is dependency-ready after P1-T04."
    process_position: "Selection must not imply execution or theorem truth."
    resolution: "The successor handoff selects P2-T01 with execution false until a separate bounded AgentJob."
unresolved_conflicts: []
authority_limits:
  conflict_resolution_is_external_review: false
  gate_status_changed: false
  distance_to_gr_changed: false
  physics_promotion_authorized: false
